
Microsoft Visual Studio Solution File, Format Version 12.00
# Visual Studio Version 17
VisualStudioVersion = 17.0.32014.148
MinimumVisualStudioVersion = 10.0.40219.1
Project("{2150E333-8FDC-42A3-9474-1A3956D46DE8}") = "Solution Items", "Solution Items", "{C5C42E96-17D9-480C-B5DF-B3C2F7080D42}"
	ProjectSection(SolutionItems) = preProject
		.gitignore = .gitignore
		build.sh = build.sh
		Directory.Build.props = Directory.Build.props
		test\Directory.Build.props = test\Directory.Build.props
		EventStore.sql = EventStore.sql
		global.json = global.json
		Jenkinsfile = Jenkinsfile
		LICENSE = LICENSE
		nuget.png = nuget.png
		README.md = README.md
	EndProjectSection
EndProject
Project("{2150E333-8FDC-42A3-9474-1A3956D46DE8}") = "src", "src", "{78157883-8166-46DB-9754-E093FE2A3936}"
EndProject
Project("{2150E333-8FDC-42A3-9474-1A3956D46DE8}") = "test", "test", "{8AD43B5B-ED55-4712-B865-1E6E1D7B19FE}"
EndProject
Project("{9A19103F-16F7-4668-BE54-9A1E7A4F7556}") = "SAE.CommonLibrary.DependencyInjection", "src\SAE.CommonLibrary.DependencyInjection\SAE.CommonLibrary.DependencyInjection.csproj", "{C918B761-60C1-4073-A89E-70995D6743EE}"
EndProject
Project("{9A19103F-16F7-4668-BE54-9A1E7A4F7556}") = "SAE.CommonLibrary.Logging", "src\SAE.CommonLibrary.Logging\SAE.CommonLibrary.Logging.csproj", "{C874E2A4-0DA1-4DE6-BEB2-154B452BC759}"
EndProject
Project("{9A19103F-16F7-4668-BE54-9A1E7A4F7556}") = "SAE.CommonLibrary.Abstract", "src\SAE.CommonLibrary.Abstract\SAE.CommonLibrary.Abstract.csproj", "{853A1B56-5A23-44B1-9F70-7E014CD72741}"
EndProject
Project("{9A19103F-16F7-4668-BE54-9A1E7A4F7556}") = "SAE.CommonLibrary", "src\SAE.CommonLibrary\SAE.CommonLibrary.csproj", "{D0A3B81A-277B-404A-9E84-4E2AF3B65BE3}"
EndProject
Project("{9A19103F-16F7-4668-BE54-9A1E7A4F7556}") = "SAE.CommonLibrary.Logging.NLog", "src\SAE.CommonLibrary.Logging.NLog\SAE.CommonLibrary.Logging.NLog.csproj", "{3D7A4623-CA6A-4F23-A42C-FFE9B16CAD04}"
EndProject
Project("{9A19103F-16F7-4668-BE54-9A1E7A4F7556}") = "SAE.CommonLibrary.EventStore", "src\SAE.CommonLibrary.EventStore\SAE.CommonLibrary.EventStore.csproj", "{7F7BFAE4-B098-4DD1-B3E0-4409BBE85B15}"
EndProject
Project("{9A19103F-16F7-4668-BE54-9A1E7A4F7556}") = "SAE.CommonLibrary.EventStore.Document", "src\SAE.CommonLibrary.EventStore.Document\SAE.CommonLibrary.EventStore.Document.csproj", "{F472CAB5-6BA3-4EE3-867E-A4AFD9C5DD86}"
EndProject
Project("{9A19103F-16F7-4668-BE54-9A1E7A4F7556}") = "SAE.CommonLibrary.MessageQueue", "src\SAE.CommonLibrary.MessageQueue\SAE.CommonLibrary.MessageQueue.csproj", "{DA2F3D56-DA37-41C7-8216-739035CCEE2A}"
EndProject
Project("{9A19103F-16F7-4668-BE54-9A1E7A4F7556}") = "SAE.CommonLibrary.EventStore.Document.Test", "test\SAE.CommonLibrary.EventStore.Document.Test\SAE.CommonLibrary.EventStore.Document.Test.csproj", "{DC1207DF-E3CD-4C15-9842-6ECE5128BEAC}"
EndProject
Project("{9A19103F-16F7-4668-BE54-9A1E7A4F7556}") = "SAE.CommonLibrary.Test", "test\SAE.CommonLibrary.Test\SAE.CommonLibrary.Test.csproj", "{7501B2A3-192A-4636-B205-3D9736D62CC8}"
EndProject
Project("{9A19103F-16F7-4668-BE54-9A1E7A4F7556}") = "SAE.CommonLibrary.Logging.Test", "test\SAE.CommonLibrary.Logging.Test\SAE.CommonLibrary.Logging.Test.csproj", "{7A6BA130-F6E1-46C7-AF2E-58C176FEA730}"
EndProject
Project("{9A19103F-16F7-4668-BE54-9A1E7A4F7556}") = "SAE.CommonLibrary.AspNetCore", "src\SAE.CommonLibrary.AspNetCore\SAE.CommonLibrary.AspNetCore.csproj", "{EA613752-436B-40F6-B760-51ABBB986586}"
EndProject
Project("{9A19103F-16F7-4668-BE54-9A1E7A4F7556}") = "SAE.CommonLibrary.Abstract.Test", "test\SAE.CommonLibrary.Abstract.Test\SAE.CommonLibrary.Abstract.Test.csproj", "{BCB982B2-36E4-416B-9329-9CE47428BC1A}"
EndProject
Project("{9A19103F-16F7-4668-BE54-9A1E7A4F7556}") = "SAE.CommonLibrary.Data", "src\SAE.CommonLibrary.Data\SAE.CommonLibrary.Data.csproj", "{D1E92B6A-9E34-45A0-9739-960F2A17A9B3}"
EndProject
Project("{9A19103F-16F7-4668-BE54-9A1E7A4F7556}") = "SAE.CommonLibrary.Data.MongoDB", "src\SAE.CommonLibrary.Data.MongoDB\SAE.CommonLibrary.Data.MongoDB.csproj", "{E44954BA-A51E-4321-A6EB-1A761F0C69DC}"
EndProject
Project("{9A19103F-16F7-4668-BE54-9A1E7A4F7556}") = "SAE.CommonLibrary.Caching", "src\SAE.CommonLibrary.Caching\SAE.CommonLibrary.Caching.csproj", "{DA650834-4231-445C-979E-90E35B281775}"
EndProject
Project("{9A19103F-16F7-4668-BE54-9A1E7A4F7556}") = "SAE.CommonLibrary.Caching.Redis", "src\SAE.CommonLibrary.Caching.Redis\SAE.CommonLibrary.Caching.Redis.csproj", "{3060F8CC-F33A-4E2B-81F9-E345FB63A778}"
EndProject
Project("{9A19103F-16F7-4668-BE54-9A1E7A4F7556}") = "SAE.CommonLibrary.Caching.Test", "test\SAE.CommonLibrary.Caching.Test\SAE.CommonLibrary.Caching.Test.csproj", "{D3A9CA64-4B67-483A-B083-66B4C13FDB2E}"
EndProject
Project("{9A19103F-16F7-4668-BE54-9A1E7A4F7556}") = "SAE.CommonLibrary.Data.Test", "test\SAE.CommonLibrary.Data.Test\SAE.CommonLibrary.Data.Test.csproj", "{1018D3E7-062E-4553-8D9E-45EA555DCF38}"
EndProject
Project("{9A19103F-16F7-4668-BE54-9A1E7A4F7556}") = "SAE.CommonLibrary.Plugin", "src\SAE.CommonLibrary.Plugin\SAE.CommonLibrary.Plugin.csproj", "{C95D578E-CA82-4E7E-8F61-70CC814957F5}"
EndProject
Project("{9A19103F-16F7-4668-BE54-9A1E7A4F7556}") = "SAE.CommonLibrary.Plugin.AspNetCore", "src\SAE.CommonLibrary.Plugin.AspNetCore\SAE.CommonLibrary.Plugin.AspNetCore.csproj", "{D2B43357-2CD0-4AD3-9135-48934664D9D7}"
EndProject
Project("{9A19103F-16F7-4668-BE54-9A1E7A4F7556}") = "SAE.CommonLibrary.Plugin.Test", "test\SAE.CommonLibrary.Plugin.Test\SAE.CommonLibrary.Plugin.Test.csproj", "{C820F2E3-219B-4969-BF09-A4D663946F37}"
EndProject
Project("{2150E333-8FDC-42A3-9474-1A3956D46DE8}") = "Plugins", "Plugins", "{041569C8-77AD-490C-A700-61292F063778}"
EndProject
Project("{9A19103F-16F7-4668-BE54-9A1E7A4F7556}") = "SAE.CommonLibrary.Plugin.Identity", "test\Plugins\SAE.CommonLibrary.Plugin.Identity\SAE.CommonLibrary.Plugin.Identity.csproj", "{FCCC30EC-0142-4DBE-A562-42AEF743B755}"
EndProject
Project("{9A19103F-16F7-4668-BE54-9A1E7A4F7556}") = "SAE.CommonLibrary.Plugin.OAuth", "test\Plugins\SAE.CommonLibrary.Plugin.OAuth\SAE.CommonLibrary.Plugin.OAuth.csproj", "{996A0ECC-65BF-4D6E-8285-EE816F3B94EB}"
EndProject
Project("{9A19103F-16F7-4668-BE54-9A1E7A4F7556}") = "SAE.CommonLibrary.Plugin.TestAPI", "test\Plugins\SAE.CommonLibrary.Plugin.TestAPI\SAE.CommonLibrary.Plugin.TestAPI.csproj", "{99975B94-0382-4C94-96AB-73056C11E117}"
EndProject
Project("{9A19103F-16F7-4668-BE54-9A1E7A4F7556}") = "SAE.CommonLibrary.Plugin.Constant", "test\Plugins\SAE.CommonLibrary.Plugin.Constant\SAE.CommonLibrary.Plugin.Constant.csproj", "{AF024EF9-D893-4115-AB81-3CFFB6D1C97F}"
EndProject
Project("{9A19103F-16F7-4668-BE54-9A1E7A4F7556}") = "SAE.CommonLibrary.AspNetCore.Test", "test\SAE.CommonLibrary.AspNetCore.Test\SAE.CommonLibrary.AspNetCore.Test.csproj", "{A602A056-B852-4520-8E26-F79E0D88ECC2}"
EndProject
Project("{9A19103F-16F7-4668-BE54-9A1E7A4F7556}") = "SAE.CommonLibrary.Mediator.Orleans", "src\SAE.CommonLibrary.Mediator.Orleans\SAE.CommonLibrary.Mediator.Orleans.csproj", "{DAA65888-2C4C-4B1B-9B19-A9FFAC192017}"
EndProject
Project("{9A19103F-16F7-4668-BE54-9A1E7A4F7556}") = "SAE.CommonLibrary.Mediator.Orleans.Test", "test\SAE.CommonLibrary.Mediator.Orleans.Test\SAE.CommonLibrary.Mediator.Orleans.Test.csproj", "{D9767FD4-BBAE-4243-B25E-7D87AD49ADE2}"
EndProject
Project("{9A19103F-16F7-4668-BE54-9A1E7A4F7556}") = "SAE.CommonLibrary.Mediator.Orleans.Orders", "test\SAE.CommonLibrary.Mediator.Orleans.Orders\SAE.CommonLibrary.Mediator.Orleans.Orders.csproj", "{97261A6E-9C7B-4293-852B-DE4EE91E27C7}"
EndProject
Project("{9A19103F-16F7-4668-BE54-9A1E7A4F7556}") = "SAE.CommonLibrary.Logging.Microsoft", "src\SAE.CommonLibrary.Logging.Microsoft\SAE.CommonLibrary.Logging.Microsoft.csproj", "{320F620B-D635-4CBE-86B3-CE0AE81EAABF}"
EndProject
Project("{9A19103F-16F7-4668-BE54-9A1E7A4F7556}") = "SAE.CommonLibrary.Logging.Microsoft.Test", "test\SAE.CommonLibrary.Logging.Microsoft.Test\SAE.CommonLibrary.Logging.Microsoft.Test.csproj", "{1E7F270F-7076-474E-A6F2-C9C79B379C48}"
EndProject
Project("{2150E333-8FDC-42A3-9474-1A3956D46DE8}") = "benchmark", "benchmark", "{2F1F307A-112A-4E36-B747-0BC688D433AE}"
EndProject
Project("{9A19103F-16F7-4668-BE54-9A1E7A4F7556}") = "BenchmarkInternal", "benchmark\BenchmarkInternal\BenchmarkInternal.csproj", "{6E94A2D7-8BAE-44E4-86CF-A9EE658B6022}"
EndProject
Project("{9A19103F-16F7-4668-BE54-9A1E7A4F7556}") = "SAE.CommonLibrary.ObjectMapper", "src\SAE.CommonLibrary.ObjectMapper\SAE.CommonLibrary.ObjectMapper.csproj", "{0CB23894-1CAC-44D2-B8C6-CC5B1DAC610D}"
EndProject
Project("{9A19103F-16F7-4668-BE54-9A1E7A4F7556}") = "SAE.CommonLibrary.ObjectMapper.TinyMapper", "src\SAE.CommonLibrary.ObjectMapper.TinyMapper\SAE.CommonLibrary.ObjectMapper.TinyMapper.csproj", "{26009BB2-0EC4-4789-8F81-540D561087C4}"
EndProject
Project("{9A19103F-16F7-4668-BE54-9A1E7A4F7556}") = "SAE.CommonLibrary.ObjectMapper.Test", "test\SAE.CommonLibrary.ObjectMapper.Test\SAE.CommonLibrary.ObjectMapper.Test.csproj", "{F2DDB937-56AC-44E9-9087-3BB99B90CA39}"
EndProject
Project("{9A19103F-16F7-4668-BE54-9A1E7A4F7556}") = "SAE.CommonLibrary.EventStore.Document.MySql", "src\SAE.CommonLibrary.EventStore.Document.MySql\SAE.CommonLibrary.EventStore.Document.MySql.csproj", "{A34A974A-A834-4F44-9AD2-7496F4637DA3}"
EndProject
Project("{9A19103F-16F7-4668-BE54-9A1E7A4F7556}") = "SAE.CommonLibrary.Database", "src\SAE.CommonLibrary.Database\SAE.CommonLibrary.Database.csproj", "{0E65AC9C-3485-48D2-A896-8E29C2B8F0EE}"
EndProject
Project("{9A19103F-16F7-4668-BE54-9A1E7A4F7556}") = "SAE.CommonLibrary.Mediator.Orleans.Product", "test\SAE.CommonLibrary.Mediator.Orleans.Product\SAE.CommonLibrary.Mediator.Orleans.Product.csproj", "{CF33EF98-28A7-4458-8F7E-E4361DC6B0EB}"
EndProject
Project("{9A19103F-16F7-4668-BE54-9A1E7A4F7556}") = "SAE.CommonLibrary.Configuration.Microsoft", "src\SAE.CommonLibrary.Configuration.Microsoft\SAE.CommonLibrary.Configuration.Microsoft.csproj", "{E9D3FB5A-5599-4364-9F40-E021EF41657A}"
EndProject
Project("{9A19103F-16F7-4668-BE54-9A1E7A4F7556}") = "SAE.CommonLibrary.Configuration.Microsoft.Test", "test\SAE.CommonLibrary.Configuration.Microsoft.Test\SAE.CommonLibrary.Configuration.Microsoft.Test.csproj", "{230E8CDC-7EF1-4634-BFDC-24C36F3752EB}"
EndProject
Project("{9A19103F-16F7-4668-BE54-9A1E7A4F7556}") = "SAE.CommonLibrary.Extension.HttpClient", "src\SAE.CommonLibrary.Extension.HttpClient\SAE.CommonLibrary.Extension.HttpClient.csproj", "{760ACFDE-D513-44E6-B5E1-68383F7B1749}"
EndProject
Project("{9A19103F-16F7-4668-BE54-9A1E7A4F7556}") = "SAE.CommonLibrary.Plugin.FrontEnd", "test\Plugins\SAE.CommonLibrary.Plugin.FrontEnd\SAE.CommonLibrary.Plugin.FrontEnd.csproj", "{81552D00-926E-427F-8C10-FE4B210000E9}"
EndProject
Project("{2150E333-8FDC-42A3-9474-1A3956D46DE8}") = "Extensions", "Extensions", "{AF806C25-026D-4628-BB3E-071C20852612}"
EndProject
Project("{9A19103F-16F7-4668-BE54-9A1E7A4F7556}") = "SAE.CommonLibrary.Test.Extension", "test\SAE.CommonLibrary.Test.Extension\SAE.CommonLibrary.Test.Extension.csproj", "{7FA5E131-D9BA-4411-9054-A674163D5FF6}"
EndProject
Project("{9A19103F-16F7-4668-BE54-9A1E7A4F7556}") = "SAE.CommonLibrary.Abstract.Mediator.Behavior", "src\SAE.CommonLibrary.Abstract.Mediator.Behavior\SAE.CommonLibrary.Abstract.Mediator.Behavior.csproj", "{4AA2CF95-2135-4A93-A8F8-9C1F3FC1926F}"
EndProject
Project("{FAE04EC0-301F-11D3-BF4B-00C04F79EFBC}") = "SAE.CommonLibrary.Scope", "src\SAE.CommonLibrary.Scope\SAE.CommonLibrary.Scope.csproj", "{F649869A-D13C-42BB-8D07-A342176A60E3}"
EndProject
Project("{FAE04EC0-301F-11D3-BF4B-00C04F79EFBC}") = "SAE.CommonLibrary.Scope.AspNetCore", "src\SAE.CommonLibrary.Scope.AspNetCore\SAE.CommonLibrary.Scope.AspNetCore.csproj", "{AF18A183-052A-4064-ABB4-EA2BF58E6763}"
EndProject
Project("{FAE04EC0-301F-11D3-BF4B-00C04F79EFBC}") = "SAE.CommonLibrary.Scope.Test", "test\SAE.CommonLibrary.Scope.Test\SAE.CommonLibrary.Scope.Test.csproj", "{4D7E331A-42F1-42B8-8A3D-FC6BFB28115D}"
EndProject
Global
	GlobalSection(SolutionConfigurationPlatforms) = preSolution
		Debug|Any CPU = Debug|Any CPU
		Release|Any CPU = Release|Any CPU
	EndGlobalSection
	GlobalSection(ProjectConfigurationPlatforms) = postSolution
		{C918B761-60C1-4073-A89E-70995D6743EE}.Debug|Any CPU.ActiveCfg = Debug|Any CPU
		{C918B761-60C1-4073-A89E-70995D6743EE}.Debug|Any CPU.Build.0 = Debug|Any CPU
		{C918B761-60C1-4073-A89E-70995D6743EE}.Release|Any CPU.ActiveCfg = Release|Any CPU
		{C918B761-60C1-4073-A89E-70995D6743EE}.Release|Any CPU.Build.0 = Release|Any CPU
		{C874E2A4-0DA1-4DE6-BEB2-154B452BC759}.Debug|Any CPU.ActiveCfg = Debug|Any CPU
		{C874E2A4-0DA1-4DE6-BEB2-154B452BC759}.Debug|Any CPU.Build.0 = Debug|Any CPU
		{C874E2A4-0DA1-4DE6-BEB2-154B452BC759}.Release|Any CPU.ActiveCfg = Release|Any CPU
		{C874E2A4-0DA1-4DE6-BEB2-154B452BC759}.Release|Any CPU.Build.0 = Release|Any CPU
		{853A1B56-5A23-44B1-9F70-7E014CD72741}.Debug|Any CPU.ActiveCfg = Debug|Any CPU
		{853A1B56-5A23-44B1-9F70-7E014CD72741}.Debug|Any CPU.Build.0 = Debug|Any CPU
		{853A1B56-5A23-44B1-9F70-7E014CD72741}.Release|Any CPU.ActiveCfg = Release|Any CPU
		{853A1B56-5A23-44B1-9F70-7E014CD72741}.Release|Any CPU.Build.0 = Release|Any CPU
		{D0A3B81A-277B-404A-9E84-4E2AF3B65BE3}.Debug|Any CPU.ActiveCfg = Debug|Any CPU
		{D0A3B81A-277B-404A-9E84-4E2AF3B65BE3}.Debug|Any CPU.Build.0 = Debug|Any CPU
		{D0A3B81A-277B-404A-9E84-4E2AF3B65BE3}.Release|Any CPU.ActiveCfg = Release|Any CPU
		{D0A3B81A-277B-404A-9E84-4E2AF3B65BE3}.Release|Any CPU.Build.0 = Release|Any CPU
		{3D7A4623-CA6A-4F23-A42C-FFE9B16CAD04}.Debug|Any CPU.ActiveCfg = Debug|Any CPU
		{3D7A4623-CA6A-4F23-A42C-FFE9B16CAD04}.Debug|Any CPU.Build.0 = Debug|Any CPU
		{3D7A4623-CA6A-4F23-A42C-FFE9B16CAD04}.Release|Any CPU.ActiveCfg = Release|Any CPU
		{3D7A4623-CA6A-4F23-A42C-FFE9B16CAD04}.Release|Any CPU.Build.0 = Release|Any CPU
		{7F7BFAE4-B098-4DD1-B3E0-4409BBE85B15}.Debug|Any CPU.ActiveCfg = Debug|Any CPU
		{7F7BFAE4-B098-4DD1-B3E0-4409BBE85B15}.Debug|Any CPU.Build.0 = Debug|Any CPU
		{7F7BFAE4-B098-4DD1-B3E0-4409BBE85B15}.Release|Any CPU.ActiveCfg = Release|Any CPU
		{7F7BFAE4-B098-4DD1-B3E0-4409BBE85B15}.Release|Any CPU.Build.0 = Release|Any CPU
		{F472CAB5-6BA3-4EE3-867E-A4AFD9C5DD86}.Debug|Any CPU.ActiveCfg = Debug|Any CPU
		{F472CAB5-6BA3-4EE3-867E-A4AFD9C5DD86}.Debug|Any CPU.Build.0 = Debug|Any CPU
		{F472CAB5-6BA3-4EE3-867E-A4AFD9C5DD86}.Release|Any CPU.ActiveCfg = Release|Any CPU
		{F472CAB5-6BA3-4EE3-867E-A4AFD9C5DD86}.Release|Any CPU.Build.0 = Release|Any CPU
		{DA2F3D56-DA37-41C7-8216-739035CCEE2A}.Debug|Any CPU.ActiveCfg = Debug|Any CPU
		{DA2F3D56-DA37-41C7-8216-739035CCEE2A}.Debug|Any CPU.Build.0 = Debug|Any CPU
		{DA2F3D56-DA37-41C7-8216-739035CCEE2A}.Release|Any CPU.ActiveCfg = Release|Any CPU
		{DA2F3D56-DA37-41C7-8216-739035CCEE2A}.Release|Any CPU.Build.0 = Release|Any CPU
		{DC1207DF-E3CD-4C15-9842-6ECE5128BEAC}.Debug|Any CPU.ActiveCfg = Debug|Any CPU
		{DC1207DF-E3CD-4C15-9842-6ECE5128BEAC}.Debug|Any CPU.Build.0 = Debug|Any CPU
		{DC1207DF-E3CD-4C15-9842-6ECE5128BEAC}.Release|Any CPU.ActiveCfg = Release|Any CPU
		{DC1207DF-E3CD-4C15-9842-6ECE5128BEAC}.Release|Any CPU.Build.0 = Release|Any CPU
		{7501B2A3-192A-4636-B205-3D9736D62CC8}.Debug|Any CPU.ActiveCfg = Debug|Any CPU
		{7501B2A3-192A-4636-B205-3D9736D62CC8}.Debug|Any CPU.Build.0 = Debug|Any CPU
		{7501B2A3-192A-4636-B205-3D9736D62CC8}.Release|Any CPU.ActiveCfg = Release|Any CPU
		{7501B2A3-192A-4636-B205-3D9736D62CC8}.Release|Any CPU.Build.0 = Release|Any CPU
		{7A6BA130-F6E1-46C7-AF2E-58C176FEA730}.Debug|Any CPU.ActiveCfg = Debug|Any CPU
		{7A6BA130-F6E1-46C7-AF2E-58C176FEA730}.Debug|Any CPU.Build.0 = Debug|Any CPU
		{7A6BA130-F6E1-46C7-AF2E-58C176FEA730}.Release|Any CPU.ActiveCfg = Release|Any CPU
		{7A6BA130-F6E1-46C7-AF2E-58C176FEA730}.Release|Any CPU.Build.0 = Release|Any CPU
		{EA613752-436B-40F6-B760-51ABBB986586}.Debug|Any CPU.ActiveCfg = Debug|Any CPU
		{EA613752-436B-40F6-B760-51ABBB986586}.Debug|Any CPU.Build.0 = Debug|Any CPU
		{EA613752-436B-40F6-B760-51ABBB986586}.Release|Any CPU.ActiveCfg = Release|Any CPU
		{EA613752-436B-40F6-B760-51ABBB986586}.Release|Any CPU.Build.0 = Release|Any CPU
		{BCB982B2-36E4-416B-9329-9CE47428BC1A}.Debug|Any CPU.ActiveCfg = Debug|Any CPU
		{BCB982B2-36E4-416B-9329-9CE47428BC1A}.Debug|Any CPU.Build.0 = Debug|Any CPU
		{BCB982B2-36E4-416B-9329-9CE47428BC1A}.Release|Any CPU.ActiveCfg = Release|Any CPU
		{BCB982B2-36E4-416B-9329-9CE47428BC1A}.Release|Any CPU.Build.0 = Release|Any CPU
		{D1E92B6A-9E34-45A0-9739-960F2A17A9B3}.Debug|Any CPU.ActiveCfg = Debug|Any CPU
		{D1E92B6A-9E34-45A0-9739-960F2A17A9B3}.Debug|Any CPU.Build.0 = Debug|Any CPU
		{D1E92B6A-9E34-45A0-9739-960F2A17A9B3}.Release|Any CPU.ActiveCfg = Release|Any CPU
		{D1E92B6A-9E34-45A0-9739-960F2A17A9B3}.Release|Any CPU.Build.0 = Release|Any CPU
		{E44954BA-A51E-4321-A6EB-1A761F0C69DC}.Debug|Any CPU.ActiveCfg = Debug|Any CPU
		{E44954BA-A51E-4321-A6EB-1A761F0C69DC}.Debug|Any CPU.Build.0 = Debug|Any CPU
		{E44954BA-A51E-4321-A6EB-1A761F0C69DC}.Release|Any CPU.ActiveCfg = Release|Any CPU
		{E44954BA-A51E-4321-A6EB-1A761F0C69DC}.Release|Any CPU.Build.0 = Release|Any CPU
		{DA650834-4231-445C-979E-90E35B281775}.Debug|Any CPU.ActiveCfg = Debug|Any CPU
		{DA650834-4231-445C-979E-90E35B281775}.Debug|Any CPU.Build.0 = Debug|Any CPU
		{DA650834-4231-445C-979E-90E35B281775}.Release|Any CPU.ActiveCfg = Release|Any CPU
		{DA650834-4231-445C-979E-90E35B281775}.Release|Any CPU.Build.0 = Release|Any CPU
		{3060F8CC-F33A-4E2B-81F9-E345FB63A778}.Debug|Any CPU.ActiveCfg = Debug|Any CPU
		{3060F8CC-F33A-4E2B-81F9-E345FB63A778}.Debug|Any CPU.Build.0 = Debug|Any CPU
		{3060F8CC-F33A-4E2B-81F9-E345FB63A778}.Release|Any CPU.ActiveCfg = Release|Any CPU
		{3060F8CC-F33A-4E2B-81F9-E345FB63A778}.Release|Any CPU.Build.0 = Release|Any CPU
		{D3A9CA64-4B67-483A-B083-66B4C13FDB2E}.Debug|Any CPU.ActiveCfg = Debug|Any CPU
		{D3A9CA64-4B67-483A-B083-66B4C13FDB2E}.Debug|Any CPU.Build.0 = Debug|Any CPU
		{D3A9CA64-4B67-483A-B083-66B4C13FDB2E}.Release|Any CPU.ActiveCfg = Release|Any CPU
		{D3A9CA64-4B67-483A-B083-66B4C13FDB2E}.Release|Any CPU.Build.0 = Release|Any CPU
		{1018D3E7-062E-4553-8D9E-45EA555DCF38}.Debug|Any CPU.ActiveCfg = Debug|Any CPU
		{1018D3E7-062E-4553-8D9E-45EA555DCF38}.Debug|Any CPU.Build.0 = Debug|Any CPU
		{1018D3E7-062E-4553-8D9E-45EA555DCF38}.Release|Any CPU.ActiveCfg = Release|Any CPU
		{1018D3E7-062E-4553-8D9E-45EA555DCF38}.Release|Any CPU.Build.0 = Release|Any CPU
		{C95D578E-CA82-4E7E-8F61-70CC814957F5}.Debug|Any CPU.ActiveCfg = Debug|Any CPU
		{C95D578E-CA82-4E7E-8F61-70CC814957F5}.Debug|Any CPU.Build.0 = Debug|Any CPU
		{C95D578E-CA82-4E7E-8F61-70CC814957F5}.Release|Any CPU.ActiveCfg = Release|Any CPU
		{C95D578E-CA82-4E7E-8F61-70CC814957F5}.Release|Any CPU.Build.0 = Release|Any CPU
		{D2B43357-2CD0-4AD3-9135-48934664D9D7}.Debug|Any CPU.ActiveCfg = Debug|Any CPU
		{D2B43357-2CD0-4AD3-9135-48934664D9D7}.Debug|Any CPU.Build.0 = Debug|Any CPU
		{D2B43357-2CD0-4AD3-9135-48934664D9D7}.Release|Any CPU.ActiveCfg = Release|Any CPU
		{D2B43357-2CD0-4AD3-9135-48934664D9D7}.Release|Any CPU.Build.0 = Release|Any CPU
		{C820F2E3-219B-4969-BF09-A4D663946F37}.Debug|Any CPU.ActiveCfg = Debug|Any CPU
		{C820F2E3-219B-4969-BF09-A4D663946F37}.Debug|Any CPU.Build.0 = Debug|Any CPU
		{C820F2E3-219B-4969-BF09-A4D663946F37}.Release|Any CPU.ActiveCfg = Release|Any CPU
		{C820F2E3-219B-4969-BF09-A4D663946F37}.Release|Any CPU.Build.0 = Release|Any CPU
		{FCCC30EC-0142-4DBE-A562-42AEF743B755}.Debug|Any CPU.ActiveCfg = Debug|Any CPU
		{FCCC30EC-0142-4DBE-A562-42AEF743B755}.Debug|Any CPU.Build.0 = Debug|Any CPU
		{FCCC30EC-0142-4DBE-A562-42AEF743B755}.Release|Any CPU.ActiveCfg = Release|Any CPU
		{FCCC30EC-0142-4DBE-A562-42AEF743B755}.Release|Any CPU.Build.0 = Release|Any CPU
		{996A0ECC-65BF-4D6E-8285-EE816F3B94EB}.Debug|Any CPU.ActiveCfg = Debug|Any CPU
		{996A0ECC-65BF-4D6E-8285-EE816F3B94EB}.Debug|Any CPU.Build.0 = Debug|Any CPU
		{996A0ECC-65BF-4D6E-8285-EE816F3B94EB}.Release|Any CPU.ActiveCfg = Release|Any CPU
		{996A0ECC-65BF-4D6E-8285-EE816F3B94EB}.Release|Any CPU.Build.0 = Release|Any CPU
		{99975B94-0382-4C94-96AB-73056C11E117}.Debug|Any CPU.ActiveCfg = Debug|Any CPU
		{99975B94-0382-4C94-96AB-73056C11E117}.Debug|Any CPU.Build.0 = Debug|Any CPU
		{99975B94-0382-4C94-96AB-73056C11E117}.Release|Any CPU.ActiveCfg = Release|Any CPU
		{99975B94-0382-4C94-96AB-73056C11E117}.Release|Any CPU.Build.0 = Release|Any CPU
		{AF024EF9-D893-4115-AB81-3CFFB6D1C97F}.Debug|Any CPU.ActiveCfg = Debug|Any CPU
		{AF024EF9-D893-4115-AB81-3CFFB6D1C97F}.Debug|Any CPU.Build.0 = Debug|Any CPU
		{AF024EF9-D893-4115-AB81-3CFFB6D1C97F}.Release|Any CPU.ActiveCfg = Release|Any CPU
		{AF024EF9-D893-4115-AB81-3CFFB6D1C97F}.Release|Any CPU.Build.0 = Release|Any CPU
		{A602A056-B852-4520-8E26-F79E0D88ECC2}.Debug|Any CPU.ActiveCfg = Debug|Any CPU
		{A602A056-B852-4520-8E26-F79E0D88ECC2}.Debug|Any CPU.Build.0 = Debug|Any CPU
		{A602A056-B852-4520-8E26-F79E0D88ECC2}.Release|Any CPU.ActiveCfg = Release|Any CPU
		{A602A056-B852-4520-8E26-F79E0D88ECC2}.Release|Any CPU.Build.0 = Release|Any CPU
		{DAA65888-2C4C-4B1B-9B19-A9FFAC192017}.Debug|Any CPU.ActiveCfg = Debug|Any CPU
		{DAA65888-2C4C-4B1B-9B19-A9FFAC192017}.Debug|Any CPU.Build.0 = Debug|Any CPU
		{DAA65888-2C4C-4B1B-9B19-A9FFAC192017}.Release|Any CPU.ActiveCfg = Release|Any CPU
		{DAA65888-2C4C-4B1B-9B19-A9FFAC192017}.Release|Any CPU.Build.0 = Release|Any CPU
		{D9767FD4-BBAE-4243-B25E-7D87AD49ADE2}.Debug|Any CPU.ActiveCfg = Debug|Any CPU
		{D9767FD4-BBAE-4243-B25E-7D87AD49ADE2}.Debug|Any CPU.Build.0 = Debug|Any CPU
		{D9767FD4-BBAE-4243-B25E-7D87AD49ADE2}.Release|Any CPU.ActiveCfg = Release|Any CPU
		{D9767FD4-BBAE-4243-B25E-7D87AD49ADE2}.Release|Any CPU.Build.0 = Release|Any CPU
		{97261A6E-9C7B-4293-852B-DE4EE91E27C7}.Debug|Any CPU.ActiveCfg = Debug|Any CPU
		{97261A6E-9C7B-4293-852B-DE4EE91E27C7}.Debug|Any CPU.Build.0 = Debug|Any CPU
		{97261A6E-9C7B-4293-852B-DE4EE91E27C7}.Release|Any CPU.ActiveCfg = Release|Any CPU
		{97261A6E-9C7B-4293-852B-DE4EE91E27C7}.Release|Any CPU.Build.0 = Release|Any CPU
		{320F620B-D635-4CBE-86B3-CE0AE81EAABF}.Debug|Any CPU.ActiveCfg = Debug|Any CPU
		{320F620B-D635-4CBE-86B3-CE0AE81EAABF}.Debug|Any CPU.Build.0 = Debug|Any CPU
		{320F620B-D635-4CBE-86B3-CE0AE81EAABF}.Release|Any CPU.ActiveCfg = Release|Any CPU
		{320F620B-D635-4CBE-86B3-CE0AE81EAABF}.Release|Any CPU.Build.0 = Release|Any CPU
		{1E7F270F-7076-474E-A6F2-C9C79B379C48}.Debug|Any CPU.ActiveCfg = Debug|Any CPU
		{1E7F270F-7076-474E-A6F2-C9C79B379C48}.Debug|Any CPU.Build.0 = Debug|Any CPU
		{1E7F270F-7076-474E-A6F2-C9C79B379C48}.Release|Any CPU.ActiveCfg = Release|Any CPU
		{1E7F270F-7076-474E-A6F2-C9C79B379C48}.Release|Any CPU.Build.0 = Release|Any CPU
		{6E94A2D7-8BAE-44E4-86CF-A9EE658B6022}.Debug|Any CPU.ActiveCfg = Debug|Any CPU
		{6E94A2D7-8BAE-44E4-86CF-A9EE658B6022}.Debug|Any CPU.Build.0 = Debug|Any CPU
		{6E94A2D7-8BAE-44E4-86CF-A9EE658B6022}.Release|Any CPU.ActiveCfg = Release|Any CPU
		{6E94A2D7-8BAE-44E4-86CF-A9EE658B6022}.Release|Any CPU.Build.0 = Release|Any CPU
		{0CB23894-1CAC-44D2-B8C6-CC5B1DAC610D}.Debug|Any CPU.ActiveCfg = Debug|Any CPU
		{0CB23894-1CAC-44D2-B8C6-CC5B1DAC610D}.Debug|Any CPU.Build.0 = Debug|Any CPU
		{0CB23894-1CAC-44D2-B8C6-CC5B1DAC610D}.Release|Any CPU.ActiveCfg = Release|Any CPU
		{0CB23894-1CAC-44D2-B8C6-CC5B1DAC610D}.Release|Any CPU.Build.0 = Release|Any CPU
		{26009BB2-0EC4-4789-8F81-540D561087C4}.Debug|Any CPU.ActiveCfg = Debug|Any CPU
		{26009BB2-0EC4-4789-8F81-540D561087C4}.Debug|Any CPU.Build.0 = Debug|Any CPU
		{26009BB2-0EC4-4789-8F81-540D561087C4}.Release|Any CPU.ActiveCfg = Release|Any CPU
		{26009BB2-0EC4-4789-8F81-540D561087C4}.Release|Any CPU.Build.0 = Release|Any CPU
		{F2DDB937-56AC-44E9-9087-3BB99B90CA39}.Debug|Any CPU.ActiveCfg = Debug|Any CPU
		{F2DDB937-56AC-44E9-9087-3BB99B90CA39}.Debug|Any CPU.Build.0 = Debug|Any CPU
		{F2DDB937-56AC-44E9-9087-3BB99B90CA39}.Release|Any CPU.ActiveCfg = Release|Any CPU
		{F2DDB937-56AC-44E9-9087-3BB99B90CA39}.Release|Any CPU.Build.0 = Release|Any CPU
		{A34A974A-A834-4F44-9AD2-7496F4637DA3}.Debug|Any CPU.ActiveCfg = Debug|Any CPU
		{A34A974A-A834-4F44-9AD2-7496F4637DA3}.Debug|Any CPU.Build.0 = Debug|Any CPU
		{A34A974A-A834-4F44-9AD2-7496F4637DA3}.Release|Any CPU.ActiveCfg = Release|Any CPU
		{A34A974A-A834-4F44-9AD2-7496F4637DA3}.Release|Any CPU.Build.0 = Release|Any CPU
		{0E65AC9C-3485-48D2-A896-8E29C2B8F0EE}.Debug|Any CPU.ActiveCfg = Debug|Any CPU
		{0E65AC9C-3485-48D2-A896-8E29C2B8F0EE}.Debug|Any CPU.Build.0 = Debug|Any CPU
		{0E65AC9C-3485-48D2-A896-8E29C2B8F0EE}.Release|Any CPU.ActiveCfg = Release|Any CPU
		{0E65AC9C-3485-48D2-A896-8E29C2B8F0EE}.Release|Any CPU.Build.0 = Release|Any CPU
		{CF33EF98-28A7-4458-8F7E-E4361DC6B0EB}.Debug|Any CPU.ActiveCfg = Debug|Any CPU
		{CF33EF98-28A7-4458-8F7E-E4361DC6B0EB}.Debug|Any CPU.Build.0 = Debug|Any CPU
		{CF33EF98-28A7-4458-8F7E-E4361DC6B0EB}.Release|Any CPU.ActiveCfg = Release|Any CPU
		{CF33EF98-28A7-4458-8F7E-E4361DC6B0EB}.Release|Any CPU.Build.0 = Release|Any CPU
		{E9D3FB5A-5599-4364-9F40-E021EF41657A}.Debug|Any CPU.ActiveCfg = Debug|Any CPU
		{E9D3FB5A-5599-4364-9F40-E021EF41657A}.Debug|Any CPU.Build.0 = Debug|Any CPU
		{E9D3FB5A-5599-4364-9F40-E021EF41657A}.Release|Any CPU.ActiveCfg = Release|Any CPU
		{E9D3FB5A-5599-4364-9F40-E021EF41657A}.Release|Any CPU.Build.0 = Release|Any CPU
		{230E8CDC-7EF1-4634-BFDC-24C36F3752EB}.Debug|Any CPU.ActiveCfg = Debug|Any CPU
		{230E8CDC-7EF1-4634-BFDC-24C36F3752EB}.Debug|Any CPU.Build.0 = Debug|Any CPU
		{230E8CDC-7EF1-4634-BFDC-24C36F3752EB}.Release|Any CPU.ActiveCfg = Release|Any CPU
		{230E8CDC-7EF1-4634-BFDC-24C36F3752EB}.Release|Any CPU.Build.0 = Release|Any CPU
		{760ACFDE-D513-44E6-B5E1-68383F7B1749}.Debug|Any CPU.ActiveCfg = Debug|Any CPU
		{760ACFDE-D513-44E6-B5E1-68383F7B1749}.Debug|Any CPU.Build.0 = Debug|Any CPU
		{760ACFDE-D513-44E6-B5E1-68383F7B1749}.Release|Any CPU.ActiveCfg = Release|Any CPU
		{760ACFDE-D513-44E6-B5E1-68383F7B1749}.Release|Any CPU.Build.0 = Release|Any CPU
		{81552D00-926E-427F-8C10-FE4B210000E9}.Debug|Any CPU.ActiveCfg = Debug|Any CPU
		{81552D00-926E-427F-8C10-FE4B210000E9}.Debug|Any CPU.Build.0 = Debug|Any CPU
		{81552D00-926E-427F-8C10-FE4B210000E9}.Release|Any CPU.ActiveCfg = Release|Any CPU
		{81552D00-926E-427F-8C10-FE4B210000E9}.Release|Any CPU.Build.0 = Release|Any CPU
		{7FA5E131-D9BA-4411-9054-A674163D5FF6}.Debug|Any CPU.ActiveCfg = Debug|Any CPU
		{7FA5E131-D9BA-4411-9054-A674163D5FF6}.Debug|Any CPU.Build.0 = Debug|Any CPU
		{7FA5E131-D9BA-4411-9054-A674163D5FF6}.Release|Any CPU.ActiveCfg = Release|Any CPU
		{7FA5E131-D9BA-4411-9054-A674163D5FF6}.Release|Any CPU.Build.0 = Release|Any CPU
		{4AA2CF95-2135-4A93-A8F8-9C1F3FC1926F}.Debug|Any CPU.ActiveCfg = Debug|Any CPU
		{4AA2CF95-2135-4A93-A8F8-9C1F3FC1926F}.Debug|Any CPU.Build.0 = Debug|Any CPU
		{4AA2CF95-2135-4A93-A8F8-9C1F3FC1926F}.Release|Any CPU.ActiveCfg = Release|Any CPU
		{4AA2CF95-2135-4A93-A8F8-9C1F3FC1926F}.Release|Any CPU.Build.0 = Release|Any CPU
		{F649869A-D13C-42BB-8D07-A342176A60E3}.Debug|Any CPU.ActiveCfg = Debug|Any CPU
		{F649869A-D13C-42BB-8D07-A342176A60E3}.Debug|Any CPU.Build.0 = Debug|Any CPU
		{F649869A-D13C-42BB-8D07-A342176A60E3}.Release|Any CPU.ActiveCfg = Release|Any CPU
		{F649869A-D13C-42BB-8D07-A342176A60E3}.Release|Any CPU.Build.0 = Release|Any CPU
		{AF18A183-052A-4064-ABB4-EA2BF58E6763}.Debug|Any CPU.ActiveCfg = Debug|Any CPU
		{AF18A183-052A-4064-ABB4-EA2BF58E6763}.Debug|Any CPU.Build.0 = Debug|Any CPU
		{AF18A183-052A-4064-ABB4-EA2BF58E6763}.Release|Any CPU.ActiveCfg = Release|Any CPU
		{AF18A183-052A-4064-ABB4-EA2BF58E6763}.Release|Any CPU.Build.0 = Release|Any CPU
		{4D7E331A-42F1-42B8-8A3D-FC6BFB28115D}.Debug|Any CPU.ActiveCfg = Debug|Any CPU
		{4D7E331A-42F1-42B8-8A3D-FC6BFB28115D}.Debug|Any CPU.Build.0 = Debug|Any CPU
		{4D7E331A-42F1-42B8-8A3D-FC6BFB28115D}.Release|Any CPU.ActiveCfg = Release|Any CPU
		{4D7E331A-42F1-42B8-8A3D-FC6BFB28115D}.Release|Any CPU.Build.0 = Release|Any CPU
	EndGlobalSection
	GlobalSection(SolutionProperties) = preSolution
		HideSolutionNode = FALSE
	EndGlobalSection
	GlobalSection(NestedProjects) = preSolution
		{C918B761-60C1-4073-A89E-70995D6743EE} = {78157883-8166-46DB-9754-E093FE2A3936}
		{C874E2A4-0DA1-4DE6-BEB2-154B452BC759} = {78157883-8166-46DB-9754-E093FE2A3936}
		{853A1B56-5A23-44B1-9F70-7E014CD72741} = {78157883-8166-46DB-9754-E093FE2A3936}
		{D0A3B81A-277B-404A-9E84-4E2AF3B65BE3} = {78157883-8166-46DB-9754-E093FE2A3936}
		{3D7A4623-CA6A-4F23-A42C-FFE9B16CAD04} = {78157883-8166-46DB-9754-E093FE2A3936}
		{7F7BFAE4-B098-4DD1-B3E0-4409BBE85B15} = {78157883-8166-46DB-9754-E093FE2A3936}
		{F472CAB5-6BA3-4EE3-867E-A4AFD9C5DD86} = {78157883-8166-46DB-9754-E093FE2A3936}
		{DA2F3D56-DA37-41C7-8216-739035CCEE2A} = {78157883-8166-46DB-9754-E093FE2A3936}
		{DC1207DF-E3CD-4C15-9842-6ECE5128BEAC} = {8AD43B5B-ED55-4712-B865-1E6E1D7B19FE}
		{7501B2A3-192A-4636-B205-3D9736D62CC8} = {8AD43B5B-ED55-4712-B865-1E6E1D7B19FE}
		{7A6BA130-F6E1-46C7-AF2E-58C176FEA730} = {8AD43B5B-ED55-4712-B865-1E6E1D7B19FE}
		{EA613752-436B-40F6-B760-51ABBB986586} = {78157883-8166-46DB-9754-E093FE2A3936}
		{BCB982B2-36E4-416B-9329-9CE47428BC1A} = {8AD43B5B-ED55-4712-B865-1E6E1D7B19FE}
		{D1E92B6A-9E34-45A0-9739-960F2A17A9B3} = {78157883-8166-46DB-9754-E093FE2A3936}
		{E44954BA-A51E-4321-A6EB-1A761F0C69DC} = {78157883-8166-46DB-9754-E093FE2A3936}
		{DA650834-4231-445C-979E-90E35B281775} = {78157883-8166-46DB-9754-E093FE2A3936}
		{3060F8CC-F33A-4E2B-81F9-E345FB63A778} = {78157883-8166-46DB-9754-E093FE2A3936}
		{D3A9CA64-4B67-483A-B083-66B4C13FDB2E} = {8AD43B5B-ED55-4712-B865-1E6E1D7B19FE}
		{1018D3E7-062E-4553-8D9E-45EA555DCF38} = {8AD43B5B-ED55-4712-B865-1E6E1D7B19FE}
		{C95D578E-CA82-4E7E-8F61-70CC814957F5} = {78157883-8166-46DB-9754-E093FE2A3936}
		{D2B43357-2CD0-4AD3-9135-48934664D9D7} = {78157883-8166-46DB-9754-E093FE2A3936}
		{C820F2E3-219B-4969-BF09-A4D663946F37} = {8AD43B5B-ED55-4712-B865-1E6E1D7B19FE}
		{041569C8-77AD-490C-A700-61292F063778} = {8AD43B5B-ED55-4712-B865-1E6E1D7B19FE}
		{FCCC30EC-0142-4DBE-A562-42AEF743B755} = {041569C8-77AD-490C-A700-61292F063778}
		{996A0ECC-65BF-4D6E-8285-EE816F3B94EB} = {041569C8-77AD-490C-A700-61292F063778}
		{99975B94-0382-4C94-96AB-73056C11E117} = {041569C8-77AD-490C-A700-61292F063778}
		{AF024EF9-D893-4115-AB81-3CFFB6D1C97F} = {041569C8-77AD-490C-A700-61292F063778}
		{A602A056-B852-4520-8E26-F79E0D88ECC2} = {8AD43B5B-ED55-4712-B865-1E6E1D7B19FE}
		{DAA65888-2C4C-4B1B-9B19-A9FFAC192017} = {78157883-8166-46DB-9754-E093FE2A3936}
		{D9767FD4-BBAE-4243-B25E-7D87AD49ADE2} = {8AD43B5B-ED55-4712-B865-1E6E1D7B19FE}
		{97261A6E-9C7B-4293-852B-DE4EE91E27C7} = {8AD43B5B-ED55-4712-B865-1E6E1D7B19FE}
		{320F620B-D635-4CBE-86B3-CE0AE81EAABF} = {78157883-8166-46DB-9754-E093FE2A3936}
		{1E7F270F-7076-474E-A6F2-C9C79B379C48} = {8AD43B5B-ED55-4712-B865-1E6E1D7B19FE}
		{6E94A2D7-8BAE-44E4-86CF-A9EE658B6022} = {2F1F307A-112A-4E36-B747-0BC688D433AE}
		{0CB23894-1CAC-44D2-B8C6-CC5B1DAC610D} = {78157883-8166-46DB-9754-E093FE2A3936}
		{26009BB2-0EC4-4789-8F81-540D561087C4} = {78157883-8166-46DB-9754-E093FE2A3936}
		{F2DDB937-56AC-44E9-9087-3BB99B90CA39} = {8AD43B5B-ED55-4712-B865-1E6E1D7B19FE}
		{A34A974A-A834-4F44-9AD2-7496F4637DA3} = {78157883-8166-46DB-9754-E093FE2A3936}
		{0E65AC9C-3485-48D2-A896-8E29C2B8F0EE} = {78157883-8166-46DB-9754-E093FE2A3936}
		{CF33EF98-28A7-4458-8F7E-E4361DC6B0EB} = {8AD43B5B-ED55-4712-B865-1E6E1D7B19FE}
		{E9D3FB5A-5599-4364-9F40-E021EF41657A} = {78157883-8166-46DB-9754-E093FE2A3936}
		{230E8CDC-7EF1-4634-BFDC-24C36F3752EB} = {8AD43B5B-ED55-4712-B865-1E6E1D7B19FE}
		{760ACFDE-D513-44E6-B5E1-68383F7B1749} = {AF806C25-026D-4628-BB3E-071C20852612}
		{81552D00-926E-427F-8C10-FE4B210000E9} = {041569C8-77AD-490C-A700-61292F063778}
		{AF806C25-026D-4628-BB3E-071C20852612} = {78157883-8166-46DB-9754-E093FE2A3936}
		{7FA5E131-D9BA-4411-9054-A674163D5FF6} = {8AD43B5B-ED55-4712-B865-1E6E1D7B19FE}
		{4AA2CF95-2135-4A93-A8F8-9C1F3FC1926F} = {78157883-8166-46DB-9754-E093FE2A3936}
		{F649869A-D13C-42BB-8D07-A342176A60E3} = {78157883-8166-46DB-9754-E093FE2A3936}
		{AF18A183-052A-4064-ABB4-EA2BF58E6763} = {78157883-8166-46DB-9754-E093FE2A3936}
		{4D7E331A-42F1-42B8-8A3D-FC6BFB28115D} = {8AD43B5B-ED55-4712-B865-1E6E1D7B19FE}
	EndGlobalSection
	GlobalSection(ExtensibilityGlobals) = postSolution
		SolutionGuid = {2FF66E70-E062-4202-A1AD-A821991FEA65}
	EndGlobalSection
EndGlobal
